
Microsoft Visual Studio Solution File, Format Version 12.00
# Visual Studio Version 16
VisualStudioVersion = 16.0.29324.140
MinimumVisualStudioVersion = 10.0.40219.1
Project("{FAE04EC0-301F-11D3-BF4B-00C04F79EFBC}") = "VSS2Git", "VSS2Git.csproj", "{48EA63D3-82C5-4F9C-81CD-A6AA86978253}"
EndProject
Global
	GlobalSection(SolutionConfigurationPlatforms) = preSolution
		Debug|x86 = Debug|x86
		Release|x86 = Release|x86
	EndGlobalSection
	GlobalSection(ProjectConfigurationPlatforms) = postSolution
		{48EA63D3-82C5-4F9C-81CD-A6AA86978253}.Debug|x86.ActiveCfg = Debug|x86
		{48EA63D3-82C5-4F9C-81CD-A6AA86978253}.Debug|x86.Build.0 = Debug|x86
		{48EA63D3-82C5-4F9C-81CD-A6AA86978253}.Release|x86.ActiveCfg = Release|x86
		{48EA63D3-82C5-4F9C-81CD-A6AA86978253}.Release|x86.Build.0 = Release|x86
	EndGlobalSection
	GlobalSection(SolutionProperties) = preSolution
		HideSolutionNode = FALSE
	EndGlobalSection
	GlobalSection(ExtensibilityGlobals) = postSolution
		SolutionGuid = {0917F405-BD24-46AB-939E-A09EB32E30DD}
	EndGlobalSection
	GlobalSection(SourceCodeControl) = preSolution
		SccNumberOfProjects = 2
		SccProjectUniqueName0 = VSS2Git.csproj
		SccLocalPath0 = .
		SccLocalPath1 = .
	EndGlobalSection
EndGlobal
